
Microsoft Visual Studio Solution File, Format Version 12.00
# Visual Studio 15
VisualStudioVersion = 15.0.26430.14
MinimumVisualStudioVersion = 10.0.40219.1
Project("{8BC9CEB8-8B4A-11D0-8D11-00A0C91BC942}") = "PrimeDigitReplacements", "PrimeDigitReplacements\PrimeDigitReplacements.vcxproj", "{245AA10A-48EB-4608-9129-38B5EC22790C}"
EndProject
Global
	GlobalSection(SolutionConfigurationPlatforms) = preSolution
		Debug|x64 = Debug|x64
		Debug|x86 = Debug|x86
		Release|x64 = Release|x64
		Release|x86 = Release|x86
	EndGlobalSection
	GlobalSection(ProjectConfigurationPlatforms) = postSolution
		{245AA10A-48EB-4608-9129-38B5EC22790C}.Debug|x64.ActiveCfg = Debug|x64
		{245AA10A-48EB-4608-9129-38B5EC22790C}.Debug|x64.Build.0 = Debug|x64
		{245AA10A-48EB-4608-9129-38B5EC22790C}.Debug|x86.ActiveCfg = Debug|Win32
		{245AA10A-48EB-4608-9129-38B5EC22790C}.Debug|x86.Build.0 = Debug|Win32
		{245AA10A-48EB-4608-9129-38B5EC22790C}.Release|x64.ActiveCfg = Release|x64
		{245AA10A-48EB-4608-9129-38B5EC22790C}.Release|x64.Build.0 = Release|x64
		{245AA10A-48EB-4608-9129-38B5EC22790C}.Release|x86.ActiveCfg = Release|Win32
		{245AA10A-48EB-4608-9129-38B5EC22790C}.Release|x86.Build.0 = Release|Win32
	EndGlobalSection
	GlobalSection(SolutionProperties) = preSolution
		HideSolutionNode = FALSE
	EndGlobalSection
EndGlobal
